// !$*UTF8*$!
{
	archiveVersion = 1;
	classes = {
	};
	objectVersion = 50;
	objects = {

/* Begin PBXBuildFile section */
		655E372825A8CDC2008D3C0A /* AppDelegate.swift in Sources */ = {isa = PBXBuildFile; fileRef = 655E372725A8CDC2008D3C0A /* AppDelegate.swift */; };
		655E372A25A8CDC2008D3C0A /* SceneDelegate.swift in Sources */ = {isa = PBXBuildFile; fileRef = 655E372925A8CDC2008D3C0A /* SceneDelegate.swift */; };
		655E372C25A8CDC2008D3C0A /* ViewController.swift in Sources */ = {isa = PBXBuildFile; fileRef = 655E372B25A8CDC2008D3C0A /* ViewController.swift */; };
		655E372F25A8CDC2008D3C0A /* Main.storyboard in Resources */ = {isa = PBXBuildFile; fileRef = 655E372D25A8CDC2008D3C0A /* Main.storyboard */; };
		655E373125A8CDC6008D3C0A /* Assets.xcassets in Resources */ = {isa = PBXBuildFile; fileRef = 655E373025A8CDC6008D3C0A /* Assets.xcassets */; };
		655E373425A8CDC6008D3C0A /* LaunchScreen.storyboard in Resources */ = {isa = PBXBuildFile; fileRef = 655E373225A8CDC6008D3C0A /* LaunchScreen.storyboard */; };
		655E373F25A8CDC7008D3C0A /* TestTests.swift in Sources */ = {isa = PBXBuildFile; fileRef = 655E373E25A8CDC7008D3C0A /* TestTests.swift */; };
		655E374A25A8CDC7008D3C0A /* TestUITests.swift in Sources */ = {isa = PBXBuildFile; fileRef = 655E374925A8CDC7008D3C0A /* TestUITests.swift */; };
/* End PBXBuildFile section */

/* Begin PBXContainerItemProxy section */
		655E373B25A8CDC7008D3C0A /* PBXContainerItemProxy */ = {
			isa = PBXContainerItemProxy;
			containerPortal = 655E371C25A8CDC2008D3C0A /* Project object */;
			proxyType = 1;
			remoteGlobalIDString = 655E372325A8CDC2008D3C0A;
			remoteInfo = Test;
		};
		655E374625A8CDC7008D3C0A /* PBXContainerItemProxy */ = {
			isa = PBXContainerItemProxy;
			containerPortal = 655E371C25A8CDC2008D3C0A /* Project object */;
			proxyType = 1;
			remoteGlobalIDString = 655E372325A8CDC2008D3C0A;
			remoteInfo = Test;
		};
/* End PBXContainerItemProxy section */

/* Begin PBXFileReference section */
		655E372425A8CDC2008D3C0A /* Test.app */ = {isa = PBXFileReference; explicitFileType = wrapper.application; includeInIndex = 0; path = Test.app; sourceTree = BUILT_PRODUCTS_DIR; };
		655E372725A8CDC2008D3C0A /* AppDelegate.swift */ = {isa = PBXFileReference; lastKnownFileType = sourcecode.swift; path = AppDelegate.swift; sourceTree = "<group>"; };
		655E372925A8CDC2008D3C0A /* SceneDelegate.swift */ = {isa = PBXFileReference; lastKnownFileType = sourcecode.swift; path = SceneDelegate.swift; sourceTree = "<group>"; };
		655E372B25A8CDC2008D3C0A /* ViewController.swift */ = {isa = PBXFileReference; lastKnownFileType = sourcecode.swift; path = ViewController.swift; sourceTree = "<group>"; };
		655E372E25A8CDC2008D3C0A /* Base */ = {isa = PBXFileReference; lastKnownFileType = file.storyboard; name = Base; path = Base.lproj/Main.storyboard; sourceTree = "<group>"; };
		655E373025A8CDC6008D3C0A /* Assets.xcassets */ = {isa = PBXFileReference; lastKnownFileType = folder.assetcatalog; path = Assets.xcassets; sourceTree = "<group>"; };
		655E373325A8CDC6008D3C0A /* Base */ = {isa = PBXFileReference; lastKnownFileType = file.storyboard; name = Base; path = Base.lproj/LaunchScreen.storyboard; sourceTree = "<group>"; };
		655E373525A8CDC6008D3C0A /* Info.plist */ = {isa = PBXFileReference; lastKnownFileType = text.plist.xml; path = Info.plist; sourceTree = "<group>"; };
		655E373A25A8CDC7008D3C0A /* TestTests.xctest */ = {isa = PBXFileReference; explicitFileType = wrapper.cfbundle; includeInIndex = 0; path = TestTests.xctest; sourceTree = BUILT_PRODUCTS_DIR; };
		655E373E25A8CDC7008D3C0A /* TestTests.swift */ = {isa = PBXFileReference; lastKnownFileType = sourcecode.swift; path = TestTests.swift; sourceTree = "<group>"; };
		655E374025A8CDC7008D3C0A /* Info.plist */ = {isa = PBXFileReference; lastKnownFileType = text.plist.xml; path = Info.plist; sourceTree = "<group>"; };
		655E374525A8CDC7008D3C0A /* TestUITests.xctest */ = {isa = PBXFileReference; explicitFileType = wrapper.cfbundle; includeInIndex = 0; path = TestUITests.xctest; sourceTree = BUILT_PRODUCTS_DIR; };
		655E374925A8CDC7008D3C0A /* TestUITests.swift */ = {isa = PBXFileReference; lastKnownFileType = sourcecode.swift; path = TestUITests.swift; sourceTree = "<group>"; };
		655E374B25A8CDC7008D3C0A /* Info.plist */ = {isa = PBXFileReference; lastKnownFileType = text.plist.xml; path = Info.plist; sourceTree = "<group>"; };
/* End PBXFileReference section */

/* Begin PBXFrameworksBuildPhase section */
		655E372125A8CDC2008D3C0A /* Frameworks */ = {
			isa = PBXFrameworksBuildPhase;
			buildActionMask = 2147483647;
			files = (
			);
			runOnlyForDeploymentPostprocessing = 0;
		};
		655E373725A8CDC7008D3C0A /* Frameworks */ = {
			isa = PBXFrameworksBuildPhase;
			buildActionMask = 2147483647;
			files = (
			);
			runOnlyForDeploymentPostprocessing = 0;
		};
		655E374225A8CDC7008D3C0A /* Frameworks */ = {
			isa = PBXFrameworksBuildPhase;
			buildActionMask = 2147483647;
			files = (
			);
			runOnlyForDeploymentPostprocessing = 0;
		};
/* End PBXFrameworksBuildPhase section */

/* Begin PBXGroup section */
		655E371B25A8CDC2008D3C0A = {
			isa = PBXGroup;
			children = (
				655E372625A8CDC2008D3C0A /* Test */,
				655E373D25A8CDC7008D3C0A /* TestTests */,
				655E374825A8CDC7008D3C0A /* TestUITests */,
				655E372525A8CDC2008D3C0A /* Products */,
			);
			sourceTree = "<group>";
		};
		655E372525A8CDC2008D3C0A /* Products */ = {
			isa = PBXGroup;
			children = (
				655E372425A8CDC2008D3C0A /* Test.app */,
				655E373A25A8CDC7008D3C0A /* TestTests.xctest */,
				655E374525A8CDC7008D3C0A /* TestUITests.xctest */,
			);
			name = Products;
			sourceTree = "<group>";
		};
		655E372625A8CDC2008D3C0A /* Test */ = {
			isa = PBXGroup;
			children = (
				655E372725A8CDC2008D3C0A /* AppDelegate.swift */,
				655E372925A8CDC2008D3C0A /* SceneDelegate.swift */,
				655E372B25A8CDC2008D3C0A /* ViewController.swift */,
				655E372D25A8CDC2008D3C0A /* Main.storyboard */,
				655E373025A8CDC6008D3C0A /* Assets.xcassets */,
				655E373225A8CDC6008D3C0A /* LaunchScreen.storyboard */,
				655E373525A8CDC6008D3C0A /* Info.plist */,
			);
			path = Test;
			sourceTree = "<group>";
		};
		655E373D25A8CDC7008D3C0A /* TestTests */ = {
			isa = PBXGroup;
			children = (
				655E373E25A8CDC7008D3C0A /* TestTests.swift */,
				655E374025A8CDC7008D3C0A /* Info.plist */,
			);
			path = TestTests;
			sourceTree = "<group>";
		};
		655E374825A8CDC7008D3C0A /* TestUITests */ = {
			isa = PBXGroup;
			children = (
				655E374925A8CDC7008D3C0A /* TestUITests.swift */,
				655E374B25A8CDC7008D3C0A /* Info.plist */,
			);
			path = TestUITests;
			sourceTree = "<group>";
		};
/* End PBXGroup section */

/* Begin PBXNativeTarget section */
		655E372325A8CDC2008D3C0A /* Test */ = {
			isa = PBXNativeTarget;
			buildConfigurationList = 655E374E25A8CDC7008D3C0A /* Build configuration list for PBXNativeTarget "Test" */;
			buildPhases = (
				655E372025A8CDC2008D3C0A /* Sources */,
				655E372125A8CDC2008D3C0A /* Frameworks */,
				655E372225A8CDC2008D3C0A /* Resources */,
			);
			buildRules = (
			);
			dependencies = (
			);
			name = Test;
			productName = Test;
			productReference = 655E372425A8CDC2008D3C0A /* Test.app */;
			productType = "com.apple.product-type.application";
		};
		655E373925A8CDC7008D3C0A /* TestTests */ = {
			isa = PBXNativeTarget;
			buildConfigurationList = 655E375125A8CDC7008D3C0A /* Build configuration list for PBXNativeTarget "TestTests" */;
			buildPhases = (
				655E373625A8CDC7008D3C0A /* Sources */,
				655E373725A8CDC7008D3C0A /* Frameworks */,
				655E373825A8CDC7008D3C0A /* Resources */,
			);
			buildRules = (
			);
			dependencies = (
				655E373C25A8CDC7008D3C0A /* PBXTargetDependency */,
			);
			name = TestTests;
			productName = TestTests;
			productReference = 655E373A25A8CDC7008D3C0A /* TestTests.xctest */;
			productType = "com.apple.product-type.bundle.unit-test";
		};
		655E374425A8CDC7008D3C0A /* TestUITests */ = {
			isa = PBXNativeTarget;
			buildConfigurationList = 655E375425A8CDC7008D3C0A /* Build configuration list for PBXNativeTarget "TestUITests" */;
			buildPhases = (
				655E374125A8CDC7008D3C0A /* Sources */,
				655E374225A8CDC7008D3C0A /* Frameworks */,
				655E374325A8CDC7008D3C0A /* Resources */,
			);
			buildRules = (
			);
			dependencies = (
				655E374725A8CDC7008D3C0A /* PBXTargetDependency */,
			);
			name = TestUITests;
			productName = TestUITests;
			productReference = 655E374525A8CDC7008D3C0A /* TestUITests.xctest */;
			productType = "com.apple.product-type.bundle.ui-testing";
		};
/* End PBXNativeTarget section */

/* Begin PBXProject section */
		655E371C25A8CDC2008D3C0A /* Project object */ = {
			isa = PBXProject;
			attributes = {
				LastSwiftUpdateCheck = 1230;
				LastUpgradeCheck = 1230;
				TargetAttributes = {
					655E372325A8CDC2008D3C0A = {
						CreatedOnToolsVersion = 12.3;
					};
					655E373925A8CDC7008D3C0A = {
						CreatedOnToolsVersion = 12.3;
						TestTargetID = 655E372325A8CDC2008D3C0A;
					};
					655E374425A8CDC7008D3C0A = {
						CreatedOnToolsVersion = 12.3;
						TestTargetID = 655E372325A8CDC2008D3C0A;
					};
				};
			};
			buildConfigurationList = 655E371F25A8CDC2008D3C0A /* Build configuration list for PBXProject "Test" */;
			compatibilityVersion = "Xcode 9.3";
			developmentRegion = en;
			hasScannedForEncodings = 0;
			knownRegions = (
				en,
				Base,
			);
			mainGroup = 655E371B25A8CDC2008D3C0A;
			productRefGroup = 655E372525A8CDC2008D3C0A /* Products */;
			projectDirPath = "";
			projectRoot = "";
			targets = (
				655E372325A8CDC2008D3C0A /* Test */,
				655E373925A8CDC7008D3C0A /* TestTests */,
				655E374425A8CDC7008D3C0A /* TestUITests */,
			);
		};
/* End PBXProject section */

/* Begin PBXResourcesBuildPhase section */
		655E372225A8CDC2008D3C0A /* Resources */ = {
			isa = PBXResourcesBuildPhase;
			buildActionMask = 2147483647;
			files = (
				655E373425A8CDC6008D3C0A /* LaunchScreen.storyboard in Resources */,
				655E373125A8CDC6008D3C0A /* Assets.xcassets in Resources */,
				655E372F25A8CDC2008D3C0A /* Main.storyboard in Resources */,
			);
			runOnlyForDeploymentPostprocessing = 0;
		};
		655E373825A8CDC7008D3C0A /* Resources */ = {
			isa = PBXResourcesBuildPhase;
			buildActionMask = 2147483647;
			files = (
			);
			runOnlyForDeploymentPostprocessing = 0;
		};
		655E374325A8CDC7008D3C0A /* Resources */ = {
			isa = PBXResourcesBuildPhase;
			buildActionMask = 2147483647;
			files = (
			);
			runOnlyForDeploymentPostprocessing = 0;
		};
/* End PBXResourcesBuildPhase section */

/* Begin PBXSourcesBuildPhase section */
		655E372025A8CDC2008D3C0A /* Sources */ = {
			isa = PBXSourcesBuildPhase;
			buildActionMask = 2147483647;
			files = (
				655E372C25A8CDC2008D3C0A /* ViewController.swift in Sources */,
				655E372825A8CDC2008D3C0A /* AppDelegate.swift in Sources */,
				655E372A25A8CDC2008D3C0A /* SceneDelegate.swift in Sources */,
			);
			runOnlyForDeploymentPostprocessing = 0;
		};
		655E373625A8CDC7008D3C0A /* Sources */ = {
			isa = PBXSourcesBuildPhase;
			buildActionMask = 2147483647;
			files = (
				655E373F25A8CDC7008D3C0A /* TestTests.swift in Sources */,
			);
			runOnlyForDeploymentPostprocessing = 0;
		};
		655E374125A8CDC7008D3C0A /* Sources */ = {
			isa = PBXSourcesBuildPhase;
			buildActionMask = 2147483647;
			files = (
				655E374A25A8CDC7008D3C0A /* TestUITests.swift in Sources */,
			);
			runOnlyForDeploymentPostprocessing = 0;
		};
/* End PBXSourcesBuildPhase section */

/* Begin PBXTargetDependency section */
		655E373C25A8CDC7008D3C0A /* PBXTargetDependency */ = {
			isa = PBXTargetDependency;
			target = 655E372325A8CDC2008D3C0A /* Test */;
			targetProxy = 655E373B25A8CDC7008D3C0A /* PBXContainerItemProxy */;
		};
		655E374725A8CDC7008D3C0A /* PBXTargetDependency */ = {
			isa = PBXTargetDependency;
			target = 655E372325A8CDC2008D3C0A /* Test */;
			targetProxy = 655E374625A8CDC7008D3C0A /* PBXContainerItemProxy */;
		};
/* End PBXTargetDependency section */

/* Begin PBXVariantGroup section */
		655E372D25A8CDC2008D3C0A /* Main.storyboard */ = {
			isa = PBXVariantGroup;
			children = (
				655E372E25A8CDC2008D3C0A /* Base */,
			);
			name = Main.storyboard;
			sourceTree = "<group>";
		};
		655E373225A8CDC6008D3C0A /* LaunchScreen.storyboard */ = {
			isa = PBXVariantGroup;
			children = (
				655E373325A8CDC6008D3C0A /* Base */,
			);
			name = LaunchScreen.storyboard;
			sourceTree = "<group>";
		};
/* End PBXVariantGroup section */

/* Begin XCBuildConfiguration section */
		655E374C25A8CDC7008D3C0A /* Debug */ = {
			isa = XCBuildConfiguration;
			buildSettings = {
				ALWAYS_SEARCH_USER_PATHS = NO;
				CLANG_ANALYZER_NONNULL = YES;
				CLANG_ANALYZER_NUMBER_OBJECT_CONVERSION = YES_AGGRESSIVE;
				CLANG_CXX_LANGUAGE_STANDARD = "gnu++14";
				CLANG_CXX_LIBRARY = "libc++";
				CLANG_ENABLE_MODULES = YES;
				CLANG_ENABLE_OBJC_ARC = YES;
				CLANG_ENABLE_OBJC_WEAK = YES;
				CLANG_WARN_BLOCK_CAPTURE_AUTORELEASING = YES;
				CLANG_WARN_BOOL_CONVERSION = YES;
				CLANG_WARN_COMMA = YES;
				CLANG_WARN_CONSTANT_CONVERSION = YES;
				CLANG_WARN_DEPRECATED_OBJC_IMPLEMENTATIONS = YES;
				CLANG_WARN_DIRECT_OBJC_ISA_USAGE = YES_ERROR;
				CLANG_WARN_DOCUMENTATION_COMMENTS = YES;
				CLANG_WARN_EMPTY_BODY = YES;
				CLANG_WARN_ENUM_CONVERSION = YES;
				CLANG_WARN_INFINITE_RECURSION = YES;
				CLANG_WARN_INT_CONVERSION = YES;
				CLANG_WARN_NON_LITERAL_NULL_CONVERSION = YES;
				CLANG_WARN_OBJC_IMPLICIT_RETAIN_SELF = YES;
				CLANG_WARN_OBJC_LITERAL_CONVERSION = YES;
				CLANG_WARN_OBJC_ROOT_CLASS = YES_ERROR;
				CLANG_WARN_QUOTED_INCLUDE_IN_FRAMEWORK_HEADER = YES;
				CLANG_WARN_RANGE_LOOP_ANALYSIS = YES;
				CLANG_WARN_STRICT_PROTOTYPES = YES;
				CLANG_WARN_SUSPICIOUS_MOVE = YES;
				CLANG_WARN_UNGUARDED_AVAILABILITY = YES_AGGRESSIVE;
				CLANG_WARN_UNREACHABLE_CODE = YES;
				CLANG_WARN__DUPLICATE_METHOD_MATCH = YES;
				COPY_PHASE_STRIP = NO;
				DEBUG_INFORMATION_FORMAT = dwarf;
				ENABLE_STRICT_OBJC_MSGSEND = YES;
				ENABLE_TESTABILITY = YES;
				GCC_C_LANGUAGE_STANDARD = gnu11;
				GCC_DYNAMIC_NO_PIC = NO;
				GCC_NO_COMMON_BLOCKS = YES;
				GCC_OPTIMIZATION_LEVEL = 0;
				GCC_PREPROCESSOR_DEFINITIONS = (
					"DEBUG=1",
					"$(inherited)",
				);
				GCC_WARN_64_TO_32_BIT_CONVERSION = YES;
				GCC_WARN_ABOUT_RETURN_TYPE = YES_ERROR;
				GCC_WARN_UNDECLARED_SELECTOR = YES;
				GCC_WARN_UNINITIALIZED_AUTOS = YES_AGGRESSIVE;
				GCC_WARN_UNUSED_FUNCTION = YES;
				GCC_WARN_UNUSED_VARIABLE = YES;
				IPHONEOS_DEPLOYMENT_TARGET = 14.3;
				MTL_ENABLE_DEBUG_INFO = INCLUDE_SOURCE;
				MTL_FAST_MATH = YES;
				ONLY_ACTIVE_ARCH = YES;
				SDKROOT = iphoneos;
				SWIFT_ACTIVE_COMPILATION_CONDITIONS = DEBUG;
				SWIFT_OPTIMIZATION_LEVEL = "-Onone";
			};
			name = Debug;
		};
		655E374D25A8CDC7008D3C0A /* Release */ = {
			isa = XCBuildConfiguration;
			buildSettings = {
				ALWAYS_SEARCH_USER_PATHS = NO;
				CLANG_ANALYZER_NONNULL = YES;
				CLANG_ANALYZER_NUMBER_OBJECT_CONVERSION = YES_AGGRESSIVE;
				CLANG_CXX_LANGUAGE_STANDARD = "gnu++14";
				CLANG_CXX_LIBRARY = "libc++";
				CLANG_ENABLE_MODULES = YES;
				CLANG_ENABLE_OBJC_ARC = YES;
				CLANG_ENABLE_OBJC_WEAK = YES;
				CLANG_WARN_BLOCK_CAPTURE_AUTORELEASING = YES;
				CLANG_WARN_BOOL_CONVERSION = YES;
				CLANG_WARN_COMMA = YES;
				CLANG_WARN_CONSTANT_CONVERSION = YES;
				CLANG_WARN_DEPRECATED_OBJC_IMPLEMENTATIONS = YES;
				CLANG_WARN_DIRECT_OBJC_ISA_USAGE = YES_ERROR;
				CLANG_WARN_DOCUMENTATION_COMMENTS = YES;
				CLANG_WARN_EMPTY_BODY = YES;
				CLANG_WARN_ENUM_CONVERSION = YES;
				CLANG_WARN_INFINITE_RECURSION = YES;
				CLANG_WARN_INT_CONVERSION = YES;
				CLANG_WARN_NON_LITERAL_NULL_CONVERSION = YES;
				CLANG_WARN_OBJC_IMPLICIT_RETAIN_SELF = YES;
				CLANG_WARN_OBJC_LITERAL_CONVERSION = YES;
				CLANG_WARN_OBJC_ROOT_CLASS = YES_ERROR;
				CLANG_WARN_QUOTED_INCLUDE_IN_FRAMEWORK_HEADER = YES;
				CLANG_WARN_RANGE_LOOP_ANALYSIS = YES;
				CLANG_WARN_STRICT_PROTOTYPES = YES;
				CLANG_WARN_SUSPICIOUS_MOVE = YES;
				CLANG_WARN_UNGUARDED_AVAILABILITY = YES_AGGRESSIVE;
				CLANG_WARN_UNREACHABLE_CODE = YES;
				CLANG_WARN__DUPLICATE_METHOD_MATCH = YES;
				COPY_PHASE_STRIP = NO;
				DEBUG_INFORMATION_FORMAT = "dwarf-with-dsym";
				ENABLE_NS_ASSERTIONS = NO;
				ENABLE_STRICT_OBJC_MSGSEND = YES;
				GCC_C_LANGUAGE_STANDARD = gnu11;
				GCC_NO_COMMON_BLOCKS = YES;
				GCC_WARN_64_TO_32_BIT_CONVERSION = YES;
				GCC_WARN_ABOUT_RETURN_TYPE = YES_ERROR;
				GCC_WARN_UNDECLARED_SELECTOR = YES;
				GCC_WARN_UNINITIALIZED_AUTOS = YES_AGGRESSIVE;
				GCC_WARN_UNUSED_FUNCTION = YES;
				GCC_WARN_UNUSED_VARIABLE = YES;
				IPHONEOS_DEPLOYMENT_TARGET = 14.3;
				MTL_ENABLE_DEBUG_INFO = NO;
				MTL_FAST_MATH = YES;
				SDKROOT = iphoneos;
				SWIFT_COMPILATION_MODE = wholemodule;
				SWIFT_OPTIMIZATION_LEVEL = "-O";
				VALIDATE_PRODUCT = YES;
			};
			name = Release;
		};
		655E374F25A8CDC7008D3C0A /* Debug */ = {
			isa = XCBuildConfiguration;
			buildSettings = {
				ASSETCATALOG_COMPILER_APPICON_NAME = AppIcon;
				ASSETCATALOG_COMPILER_GLOBAL_ACCENT_COLOR_NAME = AccentColor;
				CODE_SIGN_STYLE = Automatic;
				INFOPLIST_FILE = Test/Info.plist;
				LD_RUNPATH_SEARCH_PATHS = (
					"$(inherited)",
					"@executable_path/Frameworks",
				);
				PRODUCT_BUNDLE_IDENTIFIER = memo.com.Test;
				PRODUCT_NAME = "$(TARGET_NAME)";
				SWIFT_VERSION = 5.0;
				TARGETED_DEVICE_FAMILY = "1,2";
			};
			name = Debug;
		};
		655E375025A8CDC7008D3C0A /* Release */ = {
			isa = XCBuildConfiguration;
			buildSettings = {
				ASSETCATALOG_COMPILER_APPICON_NAME = AppIcon;
				ASSETCATALOG_COMPILER_GLOBAL_ACCENT_COLOR_NAME = AccentColor;
				CODE_SIGN_STYLE = Automatic;
				INFOPLIST_FILE = Test/Info.plist;
				LD_RUNPATH_SEARCH_PATHS = (
					"$(inherited)",
					"@executable_path/Frameworks",
				);
				PRODUCT_BUNDLE_IDENTIFIER = memo.com.Test;
				PRODUCT_NAME = "$(TARGET_NAME)";
				SWIFT_VERSION = 5.0;
				TARGETED_DEVICE_FAMILY = "1,2";
			};
			name = Release;
		};
		655E375225A8CDC7008D3C0A /* Debug */ = {
			isa = XCBuildConfiguration;
			buildSettings = {
				ALWAYS_EMBED_SWIFT_STANDARD_LIBRARIES = YES;
				BUNDLE_LOADER = "$(TEST_HOST)";
				CODE_SIGN_STYLE = Automatic;
				INFOPLIST_FILE = TestTests/Info.plist;
				IPHONEOS_DEPLOYMENT_TARGET = 14.3;
				LD_RUNPATH_SEARCH_PATHS = (
					"$(inherited)",
					"@executable_path/Frameworks",
					"@loader_path/Frameworks",
				);
				PRODUCT_BUNDLE_IDENTIFIER = memo.com.TestTests;
				PRODUCT_NAME = "$(TARGET_NAME)";
				SWIFT_VERSION = 5.0;
				TARGETED_DEVICE_FAMILY = "1,2";
				TEST_HOST = "$(BUILT_PRODUCTS_DIR)/Test.app/Test";
			};
			name = Debug;
		};
		655E375325A8CDC7008D3C0A /* Release */ = {
			isa = XCBuildConfiguration;
			buildSettings = {
				ALWAYS_EMBED_SWIFT_STANDARD_LIBRARIES = YES;
				BUNDLE_LOADER = "$(TEST_HOST)";
				CODE_SIGN_STYLE = Automatic;
				INFOPLIST_FILE = TestTests/Info.plist;
				IPHONEOS_DEPLOYMENT_TARGET = 14.3;
				LD_RUNPATH_SEARCH_PATHS = (
					"$(inherited)",
					"@executable_path/Frameworks",
					"@loader_path/Frameworks",
				);
				PRODUCT_BUNDLE_IDENTIFIER = memo.com.TestTests;
				PRODUCT_NAME = "$(TARGET_NAME)";
				SWIFT_VERSION = 5.0;
				TARGETED_DEVICE_FAMILY = "1,2";
				TEST_HOST = "$(BUILT_PRODUCTS_DIR)/Test.app/Test";
			};
			name = Release;
		};
		655E375525A8CDC7008D3C0A /* Debug */ = {
			isa = XCBuildConfiguration;
			buildSettings = {
				ALWAYS_EMBED_SWIFT_STANDARD_LIBRARIES = YES;
				CODE_SIGN_STYLE = Automatic;
				INFOPLIST_FILE = TestUITests/Info.plist;
				LD_RUNPATH_SEARCH_PATHS = (
					"$(inherited)",
					"@executable_path/Frameworks",
					"@loader_path/Frameworks",
				);
				PRODUCT_BUNDLE_IDENTIFIER = memo.com.TestUITests;
				PRODUCT_NAME = "$(TARGET_NAME)";
				SWIFT_VERSION = 5.0;
				TARGETED_DEVICE_FAMILY = "1,2";
				TEST_TARGET_NAME = Test;
			};
			name = Debug;
		};
		655E375625A8CDC7008D3C0A /* Release */ = {
			isa = XCBuildConfiguration;
			buildSettings = {
				ALWAYS_EMBED_SWIFT_STANDARD_LIBRARIES = YES;
				CODE_SIGN_STYLE = Automatic;
				INFOPLIST_FILE = TestUITests/Info.plist;
				LD_RUNPATH_SEARCH_PATHS = (
					"$(inherited)",
					"@executable_path/Frameworks",
					"@loader_path/Frameworks",
				);
				PRODUCT_BUNDLE_IDENTIFIER = memo.com.TestUITests;
				PRODUCT_NAME = "$(TARGET_NAME)";
				SWIFT_VERSION = 5.0;
				TARGETED_DEVICE_FAMILY = "1,2";
				TEST_TARGET_NAME = Test;
			};
			name = Release;
		};
/* End XCBuildConfiguration section */

/* Begin XCConfigurationList section */
		655E371F25A8CDC2008D3C0A /* Build configuration list for PBXProject "Test" */ = {
			isa = XCConfigurationList;
			buildConfigurations = (
				655E374C25A8CDC7008D3C0A /* Debug */,
				655E374D25A8CDC7008D3C0A /* Release */,
			);
			defaultConfigurationIsVisible = 0;
			defaultConfigurationName = Release;
		};
		655E374E25A8CDC7008D3C0A /* Build configuration list for PBXNativeTarget "Test" */ = {
			isa = XCConfigurationList;
			buildConfigurations = (
				655E374F25A8CDC7008D3C0A /* Debug */,
				655E375025A8CDC7008D3C0A /* Release */,
			);
			defaultConfigurationIsVisible = 0;
			defaultConfigurationName = Release;
		};
		655E375125A8CDC7008D3C0A /* Build configuration list for PBXNativeTarget "TestTests" */ = {
			isa = XCConfigurationList;
			buildConfigurations = (
				655E375225A8CDC7008D3C0A /* Debug */,
				655E375325A8CDC7008D3C0A /* Release */,
			);
			defaultConfigurationIsVisible = 0;
			defaultConfigurationName = Release;
		};
		655E375425A8CDC7008D3C0A /* Build configuration list for PBXNativeTarget "TestUITests" */ = {
			isa = XCConfigurationList;
			buildConfigurations = (
				655E375525A8CDC7008D3C0A /* Debug */,
				655E375625A8CDC7008D3C0A /* Release */,
			);
			defaultConfigurationIsVisible = 0;
			defaultConfigurationName = Release;
		};
/* End XCConfigurationList section */
	};
	rootObject = 655E371C25A8CDC2008D3C0A /* Project object */;
}
